
Microsoft Visual Studio Solution File, Format Version 12.00
# Visual Studio Version 16
VisualStudioVersion = 25.0.1706.14
MinimumVisualStudioVersion = 10.0.40219.1
Project("{FAE04EC0-301F-11D3-BF4B-00C04F79EFBC}") = "VillaAPI", "VillaAPI\VillaAPI.csproj", "{A1654764-3124-4D79-A2F9-B9CAA27DE64A}"
EndProject
Global
	GlobalSection(SolutionConfigurationPlatforms) = preSolution
		Debug|Any CPU = Debug|Any CPU
		Release|Any CPU = Release|Any CPU
	EndGlobalSection
	GlobalSection(ProjectConfigurationPlatforms) = postSolution
		{A1654764-3124-4D79-A2F9-B9CAA27DE64A}.Debug|Any CPU.ActiveCfg = Debug|Any CPU
		{A1654764-3124-4D79-A2F9-B9CAA27DE64A}.Debug|Any CPU.Build.0 = Debug|Any CPU
		{A1654764-3124-4D79-A2F9-B9CAA27DE64A}.Release|Any CPU.ActiveCfg = Release|Any CPU
		{A1654764-3124-4D79-A2F9-B9CAA27DE64A}.Release|Any CPU.Build.0 = Release|Any CPU
	EndGlobalSection
	GlobalSection(SolutionProperties) = preSolution
		HideSolutionNode = FALSE
	EndGlobalSection
	GlobalSection(ExtensibilityGlobals) = postSolution
		SolutionGuid = {2C8C9F8A-E1F4-4AB9-B310-40142E324845}
	EndGlobalSection
EndGlobal
